{
    "_readme": [
        "This file locks the dependencies of your project to a known state",
        "Read more about it at http://getcomposer.org/doc/01-basic-usage.md#composer-lock-the-lock-file"
    ],
    "hash": "b433e8bbfc1f18d75b1922961fddce25",
    "packages": [
        {
            "name": "chrisboulton/php-diff",
            "version": "dev-master",
            "source": {
                "type": "git",
                "url": "https://github.com/chrisboulton/php-diff.git",
                "reference": "48d4f5e6b89812def86ce46d7541fc721694809d"
            },
            "dist": {
                "type": "zip",
                "url": "https://api.github.com/repos/chrisboulton/php-diff/zipball/48d4f5e6b89812def86ce46d7541fc721694809d",
                "reference": "48d4f5e6b89812def86ce46d7541fc721694809d",
                "shasum": ""
            },
            "type": "library",
            "autoload": {
                "psr-0": {
                    "Diff": "lib/"
                }
            },
            "authors": [
                {
                    "name": "Chris Boulton",
                    "email": "@chrisboulton"
                }
            ],
            "description": "A comprehensive library for generating differences between two hashable objects (strings or arrays).",
            "support": {
                "source": "https://github.com/chrisboulton/php-diff/tree/master",
                "issues": "https://github.com/chrisboulton/php-diff/issues"
            },
            "time": "2013-03-09 12:19:32"
        },
        {
            "name": "dflydev/markdown",
            "version": "v1.0.2",
            "source": {
                "type": "git",
                "url": "https://github.com/dflydev/dflydev-markdown.git",
                "reference": "v1.0.2"
            },
            "dist": {
                "type": "zip",
                "url": "https://github.com/dflydev/dflydev-markdown/zipball/v1.0.2",
                "reference": "v1.0.2",
                "shasum": ""
            },
            "require": {
                "php": ">=5.3"
            },
            "type": "library",
            "autoload": {
                "psr-0": {
                    "dflydev\\markdown": "src"
                }
            },
            "notification-url": "https://packagist.org/downloads/",
            "license": [
                "New BSD License"
            ],
            "authors": [
                {
                    "name": "Dragonfly Development Inc.",
                    "email": "info@dflydev.com",
                    "homepage": "http://dflydev.com"
                },
                {
                    "name": "Beau Simensen",
                    "email": "beau@dflydev.com",
                    "homepage": "http://beausimensen.com"
                },
                {
                    "name": "Michel Fortin",
                    "homepage": "http://michelf.com"
                },
                {
                    "name": "John Gruber",
                    "homepage": "http://daringfireball.net"
                }
            ],
            "description": "PHP Markdown & Extra",
            "homepage": "http://github.com/dflydev/dflydev-markdown",
            "keywords": [
                "markdown"
            ],
            "time": "2012-01-15 19:36:37"
        },
        {
            "name": "xiphe/base",
            "version": "v1.1.2",
            "source": {
                "type": "git",
                "url": "https://github.com/Xiphe/Base.git",
                "reference": "v1.1.2"
            },
            "dist": {
                "type": "zip",
                "url": "https://api.github.com/repos/Xiphe/Base/zipball/v1.1.2",
                "reference": "v1.1.2",
                "shasum": ""
            },
            "require": {
                "php": ">=5.3"
            },
            "type": "library",
            "autoload": {
                "psr-0": {
                    "Xiphe\\Base": "src/"
                }
            },
            "notification-url": "https://packagist.org/downloads/",
            "license": [
                "GNU GENERAL PUBLIC LICENSE"
            ],
            "authors": [
                {
                    "name": "Hannes Diercks",
                    "email": "info@xiphe.net",
                    "homepage": "http://xiphe.net"
                }
            ],
            "description": "Basic logic for new projects. Provides singleton, configuration, callback and basic api methods.",
            "homepage": "https://github.com/Xiphe/Base",
            "keywords": [
                "callbacks",
                "configuration",
                "singleton"
            ],
            "time": "2013-04-03 15:23:51"
        }
    ],
    "packages-dev": [

    ],
    "aliases": [

    ],
    "minimum-stability": "stable",
    "stability-flags": {
        "chrisboulton/php-diff": 20
    },
    "platform": {
        "php": ">=5.3"
    },
    "platform-dev": [

    ]
}
